
Microsoft Visual Studio Solution File, Format Version 12.00
# Visual Studio Version 17
VisualStudioVersion = 17.11.35312.102
MinimumVisualStudioVersion = 10.0.40219.1
Project("{FAE04EC0-301F-11D3-BF4B-00C04F79EFBC}") = "Lists2", "Lists2.csproj", "{1AA50070-3AB6-46FD-9989-D97E520F48BA}"
EndProject
Global
	GlobalSection(SolutionConfigurationPlatforms) = preSolution
		Debug|Any CPU = Debug|Any CPU
		Release|Any CPU = Release|Any CPU
	EndGlobalSection
	GlobalSection(ProjectConfigurationPlatforms) = postSolution
		{1AA50070-3AB6-46FD-9989-D97E520F48BA}.Debug|Any CPU.ActiveCfg = Debug|Any CPU
		{1AA50070-3AB6-46FD-9989-D97E520F48BA}.Debug|Any CPU.Build.0 = Debug|Any CPU
		{1AA50070-3AB6-46FD-9989-D97E520F48BA}.Release|Any CPU.ActiveCfg = Release|Any CPU
		{1AA50070-3AB6-46FD-9989-D97E520F48BA}.Release|Any CPU.Build.0 = Release|Any CPU
	EndGlobalSection
	GlobalSection(SolutionProperties) = preSolution
		HideSolutionNode = FALSE
	EndGlobalSection
	GlobalSection(ExtensibilityGlobals) = postSolution
		SolutionGuid = {C7114AB4-AA74-47C1-995C-C43DBD23F3F6}
	EndGlobalSection
EndGlobal
